
Microsoft Visual Studio Solution File, Format Version 12.00
# Visual Studio 15
VisualStudioVersion = 15.0.27703.2035
MinimumVisualStudioVersion = 10.0.40219.1
Project("{8BC9CEB8-8B4A-11D0-8D11-00A0C91BC942}") = "WaitingOn", "WaitingOn.vcxproj", "{716F76EF-533C-4B1C-9EFB-BE4B2598EF8A}"
EndProject
Global
	GlobalSection(SolutionConfigurationPlatforms) = preSolution
		Debug|x64 = Debug|x64
		Debug|x86 = Debug|x86
		Release|x64 = Release|x64
		Release|x86 = Release|x86
	EndGlobalSection
	GlobalSection(ProjectConfigurationPlatforms) = postSolution
		{716F76EF-533C-4B1C-9EFB-BE4B2598EF8A}.Debug|x64.ActiveCfg = Debug|x64
		{716F76EF-533C-4B1C-9EFB-BE4B2598EF8A}.Debug|x64.Build.0 = Debug|x64
		{716F76EF-533C-4B1C-9EFB-BE4B2598EF8A}.Debug|x86.ActiveCfg = Debug|Win32
		{716F76EF-533C-4B1C-9EFB-BE4B2598EF8A}.Debug|x86.Build.0 = Debug|Win32
		{716F76EF-533C-4B1C-9EFB-BE4B2598EF8A}.Release|x64.ActiveCfg = Release|x64
		{716F76EF-533C-4B1C-9EFB-BE4B2598EF8A}.Release|x64.Build.0 = Release|x64
		{716F76EF-533C-4B1C-9EFB-BE4B2598EF8A}.Release|x86.ActiveCfg = Release|Win32
		{716F76EF-533C-4B1C-9EFB-BE4B2598EF8A}.Release|x86.Build.0 = Release|Win32
	EndGlobalSection
	GlobalSection(SolutionProperties) = preSolution
		HideSolutionNode = FALSE
	EndGlobalSection
	GlobalSection(ExtensibilityGlobals) = postSolution
		SolutionGuid = {BF274D15-3AFC-4029-8705-C6C5DE500B66}
	EndGlobalSection
EndGlobal
